
Microsoft Visual Studio Solution File, Format Version 12.00
# Visual Studio Version 17
VisualStudioVersion = 17.0.31903.59
MinimumVisualStudioVersion = 10.0.40219.1
Project("{FAE04EC0-301F-11D3-BF4B-00C04F79EFBC}") = "BlazorWasmTemplate.Presentation.Web", "BlazorWasmTemplate.Presentation.Web\BlazorWasmTemplate.Presentation.Web.csproj", "{E09B4DDC-F3F9-466D-BD56-810A9D61CA30}"
EndProject
Project("{FAE04EC0-301F-11D3-BF4B-00C04F79EFBC}") = "BlazorWasmTemplate.Application", "BlazorWasmTemplate.Application\BlazorWasmTemplate.Application.csproj", "{FD9C20E2-9299-4867-B44C-AE24D28A6B39}"
EndProject
Project("{FAE04EC0-301F-11D3-BF4B-00C04F79EFBC}") = "BlazorWasmTemplate.Domain", "BlazorWasmTemplate.Domain\BlazorWasmTemplate.Domain.csproj", "{DA12ED01-BEA3-4315-B172-07EAC2DFDC7E}"
EndProject
Project("{FAE04EC0-301F-11D3-BF4B-00C04F79EFBC}") = "BlazorWasmTemplate.Infrastructure", "BlazorWasmTemplate.Infrastructure\BlazorWasmTemplate.Infrastructure.csproj", "{CA777439-8FDD-4357-9459-1E3F9B12ADF5}"
EndProject
Global
	GlobalSection(SolutionConfigurationPlatforms) = preSolution
		Debug|Any CPU = Debug|Any CPU
		Debug|x64 = Debug|x64
		Debug|x86 = Debug|x86
		Release|Any CPU = Release|Any CPU
		Release|x64 = Release|x64
		Release|x86 = Release|x86
	EndGlobalSection
	GlobalSection(ProjectConfigurationPlatforms) = postSolution
		{E09B4DDC-F3F9-466D-BD56-810A9D61CA30}.Debug|Any CPU.ActiveCfg = Debug|Any CPU
		{E09B4DDC-F3F9-466D-BD56-810A9D61CA30}.Debug|Any CPU.Build.0 = Debug|Any CPU
		{E09B4DDC-F3F9-466D-BD56-810A9D61CA30}.Debug|x64.ActiveCfg = Debug|Any CPU
		{E09B4DDC-F3F9-466D-BD56-810A9D61CA30}.Debug|x64.Build.0 = Debug|Any CPU
		{E09B4DDC-F3F9-466D-BD56-810A9D61CA30}.Debug|x86.ActiveCfg = Debug|Any CPU
		{E09B4DDC-F3F9-466D-BD56-810A9D61CA30}.Debug|x86.Build.0 = Debug|Any CPU
		{E09B4DDC-F3F9-466D-BD56-810A9D61CA30}.Release|Any CPU.ActiveCfg = Release|Any CPU
		{E09B4DDC-F3F9-466D-BD56-810A9D61CA30}.Release|Any CPU.Build.0 = Release|Any CPU
		{E09B4DDC-F3F9-466D-BD56-810A9D61CA30}.Release|x64.ActiveCfg = Release|Any CPU
		{E09B4DDC-F3F9-466D-BD56-810A9D61CA30}.Release|x64.Build.0 = Release|Any CPU
		{E09B4DDC-F3F9-466D-BD56-810A9D61CA30}.Release|x86.ActiveCfg = Release|Any CPU
		{E09B4DDC-F3F9-466D-BD56-810A9D61CA30}.Release|x86.Build.0 = Release|Any CPU
		{FD9C20E2-9299-4867-B44C-AE24D28A6B39}.Debug|Any CPU.ActiveCfg = Debug|Any CPU
		{FD9C20E2-9299-4867-B44C-AE24D28A6B39}.Debug|Any CPU.Build.0 = Debug|Any CPU
		{FD9C20E2-9299-4867-B44C-AE24D28A6B39}.Debug|x64.ActiveCfg = Debug|Any CPU
		{FD9C20E2-9299-4867-B44C-AE24D28A6B39}.Debug|x64.Build.0 = Debug|Any CPU
		{FD9C20E2-9299-4867-B44C-AE24D28A6B39}.Debug|x86.ActiveCfg = Debug|Any CPU
		{FD9C20E2-9299-4867-B44C-AE24D28A6B39}.Debug|x86.Build.0 = Debug|Any CPU
		{FD9C20E2-9299-4867-B44C-AE24D28A6B39}.Release|Any CPU.ActiveCfg = Release|Any CPU
		{FD9C20E2-9299-4867-B44C-AE24D28A6B39}.Release|Any CPU.Build.0 = Release|Any CPU
		{FD9C20E2-9299-4867-B44C-AE24D28A6B39}.Release|x64.ActiveCfg = Release|Any CPU
		{FD9C20E2-9299-4867-B44C-AE24D28A6B39}.Release|x64.Build.0 = Release|Any CPU
		{FD9C20E2-9299-4867-B44C-AE24D28A6B39}.Release|x86.ActiveCfg = Release|Any CPU
		{FD9C20E2-9299-4867-B44C-AE24D28A6B39}.Release|x86.Build.0 = Release|Any CPU
		{DA12ED01-BEA3-4315-B172-07EAC2DFDC7E}.Debug|Any CPU.ActiveCfg = Debug|Any CPU
		{DA12ED01-BEA3-4315-B172-07EAC2DFDC7E}.Debug|Any CPU.Build.0 = Debug|Any CPU
		{DA12ED01-BEA3-4315-B172-07EAC2DFDC7E}.Debug|x64.ActiveCfg = Debug|Any CPU
		{DA12ED01-BEA3-4315-B172-07EAC2DFDC7E}.Debug|x64.Build.0 = Debug|Any CPU
		{DA12ED01-BEA3-4315-B172-07EAC2DFDC7E}.Debug|x86.ActiveCfg = Debug|Any CPU
		{DA12ED01-BEA3-4315-B172-07EAC2DFDC7E}.Debug|x86.Build.0 = Debug|Any CPU
		{DA12ED01-BEA3-4315-B172-07EAC2DFDC7E}.Release|Any CPU.ActiveCfg = Release|Any CPU
		{DA12ED01-BEA3-4315-B172-07EAC2DFDC7E}.Release|Any CPU.Build.0 = Release|Any CPU
		{DA12ED01-BEA3-4315-B172-07EAC2DFDC7E}.Release|x64.ActiveCfg = Release|Any CPU
		{DA12ED01-BEA3-4315-B172-07EAC2DFDC7E}.Release|x64.Build.0 = Release|Any CPU
		{DA12ED01-BEA3-4315-B172-07EAC2DFDC7E}.Release|x86.ActiveCfg = Release|Any CPU
		{DA12ED01-BEA3-4315-B172-07EAC2DFDC7E}.Release|x86.Build.0 = Release|Any CPU
		{CA777439-8FDD-4357-9459-1E3F9B12ADF5}.Debug|Any CPU.ActiveCfg = Debug|Any CPU
		{CA777439-8FDD-4357-9459-1E3F9B12ADF5}.Debug|Any CPU.Build.0 = Debug|Any CPU
		{CA777439-8FDD-4357-9459-1E3F9B12ADF5}.Debug|x64.ActiveCfg = Debug|Any CPU
		{CA777439-8FDD-4357-9459-1E3F9B12ADF5}.Debug|x64.Build.0 = Debug|Any CPU
		{CA777439-8FDD-4357-9459-1E3F9B12ADF5}.Debug|x86.ActiveCfg = Debug|Any CPU
		{CA777439-8FDD-4357-9459-1E3F9B12ADF5}.Debug|x86.Build.0 = Debug|Any CPU
		{CA777439-8FDD-4357-9459-1E3F9B12ADF5}.Release|Any CPU.ActiveCfg = Release|Any CPU
		{CA777439-8FDD-4357-9459-1E3F9B12ADF5}.Release|Any CPU.Build.0 = Release|Any CPU
		{CA777439-8FDD-4357-9459-1E3F9B12ADF5}.Release|x64.ActiveCfg = Release|Any CPU
		{CA777439-8FDD-4357-9459-1E3F9B12ADF5}.Release|x64.Build.0 = Release|Any CPU
		{CA777439-8FDD-4357-9459-1E3F9B12ADF5}.Release|x86.ActiveCfg = Release|Any CPU
		{CA777439-8FDD-4357-9459-1E3F9B12ADF5}.Release|x86.Build.0 = Release|Any CPU
	EndGlobalSection
	GlobalSection(SolutionProperties) = preSolution
		HideSolutionNode = FALSE
	EndGlobalSection
EndGlobal
